
Microsoft Visual Studio Solution File, Format Version 12.00
# Visual Studio Version 17
VisualStudioVersion = 17.5.33516.290
MinimumVisualStudioVersion = 10.0.40219.1
Project("{FAE04EC0-301F-11D3-BF4B-00C04F79EFBC}") = "calculator", "calculator\calculator.csproj", "{14198DE1-FCD6-42BC-BD3C-E735C8DD0E15}"
EndProject
Global
	GlobalSection(SolutionConfigurationPlatforms) = preSolution
		Debug|Any CPU = Debug|Any CPU
		Release|Any CPU = Release|Any CPU
	EndGlobalSection
	GlobalSection(ProjectConfigurationPlatforms) = postSolution
		{14198DE1-FCD6-42BC-BD3C-E735C8DD0E15}.Debug|Any CPU.ActiveCfg = Debug|Any CPU
		{14198DE1-FCD6-42BC-BD3C-E735C8DD0E15}.Debug|Any CPU.Build.0 = Debug|Any CPU
		{14198DE1-FCD6-42BC-BD3C-E735C8DD0E15}.Release|Any CPU.ActiveCfg = Release|Any CPU
		{14198DE1-FCD6-42BC-BD3C-E735C8DD0E15}.Release|Any CPU.Build.0 = Release|Any CPU
	EndGlobalSection
	GlobalSection(SolutionProperties) = preSolution
		HideSolutionNode = FALSE
	EndGlobalSection
	GlobalSection(ExtensibilityGlobals) = postSolution
		SolutionGuid = {3A4F0EB4-63D2-4153-94AD-6A7D9C7DF3AA}
	EndGlobalSection
EndGlobal
